// !$*UTF8*$!
{
	archiveVersion = 1;
	classes = {
	};
	objectVersion = 55;
	objects = {

/* Begin PBXBuildFile section */
		F41CAFEF286E409A003A9425 /* AppDelegate.swift in Sources */ = {isa = PBXBuildFile; fileRef = F41CAFEE286E409A003A9425 /* AppDelegate.swift */; };
		F41CAFF1286E409A003A9425 /* SceneDelegate.swift in Sources */ = {isa = PBXBuildFile; fileRef = F41CAFF0286E409A003A9425 /* SceneDelegate.swift */; };
		F41CAFF3286E409A003A9425 /* ViewController.swift in Sources */ = {isa = PBXBuildFile; fileRef = F41CAFF2286E409A003A9425 /* ViewController.swift */; };
		F41CAFF6286E409A003A9425 /* Main.storyboard in Resources */ = {isa = PBXBuildFile; fileRef = F41CAFF4286E409A003A9425 /* Main.storyboard */; };
		F41CAFF8286E409B003A9425 /* Assets.xcassets in Resources */ = {isa = PBXBuildFile; fileRef = F41CAFF7286E409B003A9425 /* Assets.xcassets */; };
		F41CAFFB286E409B003A9425 /* LaunchScreen.storyboard in Resources */ = {isa = PBXBuildFile; fileRef = F41CAFF9286E409B003A9425 /* LaunchScreen.storyboard */; };
		F41CB00A286E41A0003A9425 /* GuitarLesPaul.swift in Sources */ = {isa = PBXBuildFile; fileRef = F41CB009286E41A0003A9425 /* GuitarLesPaul.swift */; };
		F41CB00C286E41D4003A9425 /* DrumCustomDrums.swift in Sources */ = {isa = PBXBuildFile; fileRef = F41CB00B286E41D4003A9425 /* DrumCustomDrums.swift */; };
		F41CB00E286E4343003A9425 /* PlayableProtocol.swift in Sources */ = {isa = PBXBuildFile; fileRef = F41CB00D286E4343003A9425 /* PlayableProtocol.swift */; };
		F41CB010286E4373003A9425 /* PlayableExtension.swift in Sources */ = {isa = PBXBuildFile; fileRef = F41CB00F286E4373003A9425 /* PlayableExtension.swift */; };
		F41CB012286E4404003A9425 /* CanRunProtocol.swift in Sources */ = {isa = PBXBuildFile; fileRef = F41CB011286E4404003A9425 /* CanRunProtocol.swift */; };
		F41CB014286E441E003A9425 /* People.swift in Sources */ = {isa = PBXBuildFile; fileRef = F41CB013286E441E003A9425 /* People.swift */; };
		F41CB016286E4558003A9425 /* Animal.swift in Sources */ = {isa = PBXBuildFile; fileRef = F41CB015286E4558003A9425 /* Animal.swift */; };
/* End PBXBuildFile section */

/* Begin PBXFileReference section */
		F41CAFEB286E409A003A9425 /* InstrumentalBand.app */ = {isa = PBXFileReference; explicitFileType = wrapper.application; includeInIndex = 0; path = InstrumentalBand.app; sourceTree = BUILT_PRODUCTS_DIR; };
		F41CAFEE286E409A003A9425 /* AppDelegate.swift */ = {isa = PBXFileReference; lastKnownFileType = sourcecode.swift; path = AppDelegate.swift; sourceTree = "<group>"; };
		F41CAFF0286E409A003A9425 /* SceneDelegate.swift */ = {isa = PBXFileReference; lastKnownFileType = sourcecode.swift; path = SceneDelegate.swift; sourceTree = "<group>"; };
		F41CAFF2286E409A003A9425 /* ViewController.swift */ = {isa = PBXFileReference; lastKnownFileType = sourcecode.swift; path = ViewController.swift; sourceTree = "<group>"; };
		F41CAFF5286E409A003A9425 /* Base */ = {isa = PBXFileReference; lastKnownFileType = file.storyboard; name = Base; path = Base.lproj/Main.storyboard; sourceTree = "<group>"; };
		F41CAFF7286E409B003A9425 /* Assets.xcassets */ = {isa = PBXFileReference; lastKnownFileType = folder.assetcatalog; path = Assets.xcassets; sourceTree = "<group>"; };
		F41CAFFA286E409B003A9425 /* Base */ = {isa = PBXFileReference; lastKnownFileType = file.storyboard; name = Base; path = Base.lproj/LaunchScreen.storyboard; sourceTree = "<group>"; };
		F41CAFFC286E409B003A9425 /* Info.plist */ = {isa = PBXFileReference; lastKnownFileType = text.plist.xml; path = Info.plist; sourceTree = "<group>"; };
		F41CB009286E41A0003A9425 /* GuitarLesPaul.swift */ = {isa = PBXFileReference; lastKnownFileType = sourcecode.swift; path = GuitarLesPaul.swift; sourceTree = "<group>"; };
		F41CB00B286E41D4003A9425 /* DrumCustomDrums.swift */ = {isa = PBXFileReference; lastKnownFileType = sourcecode.swift; path = DrumCustomDrums.swift; sourceTree = "<group>"; };
		F41CB00D286E4343003A9425 /* PlayableProtocol.swift */ = {isa = PBXFileReference; lastKnownFileType = sourcecode.swift; path = PlayableProtocol.swift; sourceTree = "<group>"; };
		F41CB00F286E4373003A9425 /* PlayableExtension.swift */ = {isa = PBXFileReference; lastKnownFileType = sourcecode.swift; path = PlayableExtension.swift; sourceTree = "<group>"; };
		F41CB011286E4404003A9425 /* CanRunProtocol.swift */ = {isa = PBXFileReference; lastKnownFileType = sourcecode.swift; path = CanRunProtocol.swift; sourceTree = "<group>"; };
		F41CB013286E441E003A9425 /* People.swift */ = {isa = PBXFileReference; lastKnownFileType = sourcecode.swift; path = People.swift; sourceTree = "<group>"; };
		F41CB015286E4558003A9425 /* Animal.swift */ = {isa = PBXFileReference; lastKnownFileType = sourcecode.swift; path = Animal.swift; sourceTree = "<group>"; };
/* End PBXFileReference section */

/* Begin PBXFrameworksBuildPhase section */
		F41CAFE8286E409A003A9425 /* Frameworks */ = {
			isa = PBXFrameworksBuildPhase;
			buildActionMask = 2147483647;
			files = (
			);
			runOnlyForDeploymentPostprocessing = 0;
		};
/* End PBXFrameworksBuildPhase section */

/* Begin PBXGroup section */
		F41CAFE2286E409A003A9425 = {
			isa = PBXGroup;
			children = (
				F41CAFED286E409A003A9425 /* InstrumentalBand */,
				F41CAFEC286E409A003A9425 /* Products */,
			);
			sourceTree = "<group>";
		};
		F41CAFEC286E409A003A9425 /* Products */ = {
			isa = PBXGroup;
			children = (
				F41CAFEB286E409A003A9425 /* InstrumentalBand.app */,
			);
			name = Products;
			sourceTree = "<group>";
		};
		F41CAFED286E409A003A9425 /* InstrumentalBand */ = {
			isa = PBXGroup;
			children = (
				F41CB008286E4177003A9425 /* Models */,
				F41CB005286E40F4003A9425 /* Extensions */,
				F41CB002286E40AA003A9425 /* Protocols */,
				F41CAFEE286E409A003A9425 /* AppDelegate.swift */,
				F41CAFF0286E409A003A9425 /* SceneDelegate.swift */,
				F41CAFF2286E409A003A9425 /* ViewController.swift */,
				F41CAFF4286E409A003A9425 /* Main.storyboard */,
				F41CAFF7286E409B003A9425 /* Assets.xcassets */,
				F41CAFF9286E409B003A9425 /* LaunchScreen.storyboard */,
				F41CAFFC286E409B003A9425 /* Info.plist */,
			);
			path = InstrumentalBand;
			sourceTree = "<group>";
		};
		F41CB002286E40AA003A9425 /* Protocols */ = {
			isa = PBXGroup;
			children = (
				F41CB00D286E4343003A9425 /* PlayableProtocol.swift */,
				F41CB011286E4404003A9425 /* CanRunProtocol.swift */,
			);
			path = Protocols;
			sourceTree = "<group>";
		};
		F41CB005286E40F4003A9425 /* Extensions */ = {
			isa = PBXGroup;
			children = (
				F41CB00F286E4373003A9425 /* PlayableExtension.swift */,
			);
			path = Extensions;
			sourceTree = "<group>";
		};
		F41CB008286E4177003A9425 /* Models */ = {
			isa = PBXGroup;
			children = (
				F41CB009286E41A0003A9425 /* GuitarLesPaul.swift */,
				F41CB00B286E41D4003A9425 /* DrumCustomDrums.swift */,
				F41CB013286E441E003A9425 /* People.swift */,
				F41CB015286E4558003A9425 /* Animal.swift */,
			);
			path = Models;
			sourceTree = "<group>";
		};
/* End PBXGroup section */

/* Begin PBXNativeTarget section */
		F41CAFEA286E409A003A9425 /* InstrumentalBand */ = {
			isa = PBXNativeTarget;
			buildConfigurationList = F41CAFFF286E409B003A9425 /* Build configuration list for PBXNativeTarget "InstrumentalBand" */;
			buildPhases = (
				F41CAFE7286E409A003A9425 /* Sources */,
				F41CAFE8286E409A003A9425 /* Frameworks */,
				F41CAFE9286E409A003A9425 /* Resources */,
			);
			buildRules = (
			);
			dependencies = (
			);
			name = InstrumentalBand;
			productName = InstrumentalBand;
			productReference = F41CAFEB286E409A003A9425 /* InstrumentalBand.app */;
			productType = "com.apple.product-type.application";
		};
/* End PBXNativeTarget section */

/* Begin PBXProject section */
		F41CAFE3286E409A003A9425 /* Project object */ = {
			isa = PBXProject;
			attributes = {
				BuildIndependentTargetsInParallel = 1;
				LastSwiftUpdateCheck = 1330;
				LastUpgradeCheck = 1330;
				TargetAttributes = {
					F41CAFEA286E409A003A9425 = {
						CreatedOnToolsVersion = 13.3;
					};
				};
			};
			buildConfigurationList = F41CAFE6286E409A003A9425 /* Build configuration list for PBXProject "InstrumentalBand" */;
			compatibilityVersion = "Xcode 13.0";
			developmentRegion = en;
			hasScannedForEncodings = 0;
			knownRegions = (
				en,
				Base,
			);
			mainGroup = F41CAFE2286E409A003A9425;
			productRefGroup = F41CAFEC286E409A003A9425 /* Products */;
			projectDirPath = "";
			projectRoot = "";
			targets = (
				F41CAFEA286E409A003A9425 /* InstrumentalBand */,
			);
		};
/* End PBXProject section */

/* Begin PBXResourcesBuildPhase section */
		F41CAFE9286E409A003A9425 /* Resources */ = {
			isa = PBXResourcesBuildPhase;
			buildActionMask = 2147483647;
			files = (
				F41CAFFB286E409B003A9425 /* LaunchScreen.storyboard in Resources */,
				F41CAFF8286E409B003A9425 /* Assets.xcassets in Resources */,
				F41CAFF6286E409A003A9425 /* Main.storyboard in Resources */,
			);
			runOnlyForDeploymentPostprocessing = 0;
		};
/* End PBXResourcesBuildPhase section */

/* Begin PBXSourcesBuildPhase section */
		F41CAFE7286E409A003A9425 /* Sources */ = {
			isa = PBXSourcesBuildPhase;
			buildActionMask = 2147483647;
			files = (
				F41CB012286E4404003A9425 /* CanRunProtocol.swift in Sources */,
				F41CB010286E4373003A9425 /* PlayableExtension.swift in Sources */,
				F41CB00A286E41A0003A9425 /* GuitarLesPaul.swift in Sources */,
				F41CAFF3286E409A003A9425 /* ViewController.swift in Sources */,
				F41CB014286E441E003A9425 /* People.swift in Sources */,
				F41CAFEF286E409A003A9425 /* AppDelegate.swift in Sources */,
				F41CAFF1286E409A003A9425 /* SceneDelegate.swift in Sources */,
				F41CB00C286E41D4003A9425 /* DrumCustomDrums.swift in Sources */,
				F41CB00E286E4343003A9425 /* PlayableProtocol.swift in Sources */,
				F41CB016286E4558003A9425 /* Animal.swift in Sources */,
			);
			runOnlyForDeploymentPostprocessing = 0;
		};
/* End PBXSourcesBuildPhase section */

/* Begin PBXVariantGroup section */
		F41CAFF4286E409A003A9425 /* Main.storyboard */ = {
			isa = PBXVariantGroup;
			children = (
				F41CAFF5286E409A003A9425 /* Base */,
			);
			name = Main.storyboard;
			sourceTree = "<group>";
		};
		F41CAFF9286E409B003A9425 /* LaunchScreen.storyboard */ = {
			isa = PBXVariantGroup;
			children = (
				F41CAFFA286E409B003A9425 /* Base */,
			);
			name = LaunchScreen.storyboard;
			sourceTree = "<group>";
		};
/* End PBXVariantGroup section */

/* Begin XCBuildConfiguration section */
		F41CAFFD286E409B003A9425 /* Debug */ = {
			isa = XCBuildConfiguration;
			buildSettings = {
				ALWAYS_SEARCH_USER_PATHS = NO;
				CLANG_ANALYZER_NONNULL = YES;
				CLANG_ANALYZER_NUMBER_OBJECT_CONVERSION = YES_AGGRESSIVE;
				CLANG_CXX_LANGUAGE_STANDARD = "gnu++17";
				CLANG_ENABLE_MODULES = YES;
				CLANG_ENABLE_OBJC_ARC = YES;
				CLANG_ENABLE_OBJC_WEAK = YES;
				CLANG_WARN_BLOCK_CAPTURE_AUTORELEASING = YES;
				CLANG_WARN_BOOL_CONVERSION = YES;
				CLANG_WARN_COMMA = YES;
				CLANG_WARN_CONSTANT_CONVERSION = YES;
				CLANG_WARN_DEPRECATED_OBJC_IMPLEMENTATIONS = YES;
				CLANG_WARN_DIRECT_OBJC_ISA_USAGE = YES_ERROR;
				CLANG_WARN_DOCUMENTATION_COMMENTS = YES;
				CLANG_WARN_EMPTY_BODY = YES;
				CLANG_WARN_ENUM_CONVERSION = YES;
				CLANG_WARN_INFINITE_RECURSION = YES;
				CLANG_WARN_INT_CONVERSION = YES;
				CLANG_WARN_NON_LITERAL_NULL_CONVERSION = YES;
				CLANG_WARN_OBJC_IMPLICIT_RETAIN_SELF = YES;
				CLANG_WARN_OBJC_LITERAL_CONVERSION = YES;
				CLANG_WARN_OBJC_ROOT_CLASS = YES_ERROR;
				CLANG_WARN_QUOTED_INCLUDE_IN_FRAMEWORK_HEADER = YES;
				CLANG_WARN_RANGE_LOOP_ANALYSIS = YES;
				CLANG_WARN_STRICT_PROTOTYPES = YES;
				CLANG_WARN_SUSPICIOUS_MOVE = YES;
				CLANG_WARN_UNGUARDED_AVAILABILITY = YES_AGGRESSIVE;
				CLANG_WARN_UNREACHABLE_CODE = YES;
				CLANG_WARN__DUPLICATE_METHOD_MATCH = YES;
				COPY_PHASE_STRIP = NO;
				DEBUG_INFORMATION_FORMAT = dwarf;
				ENABLE_STRICT_OBJC_MSGSEND = YES;
				ENABLE_TESTABILITY = YES;
				GCC_C_LANGUAGE_STANDARD = gnu11;
				GCC_DYNAMIC_NO_PIC = NO;
				GCC_NO_COMMON_BLOCKS = YES;
				GCC_OPTIMIZATION_LEVEL = 0;
				GCC_PREPROCESSOR_DEFINITIONS = (
					"DEBUG=1",
					"$(inherited)",
				);
				GCC_WARN_64_TO_32_BIT_CONVERSION = YES;
				GCC_WARN_ABOUT_RETURN_TYPE = YES_ERROR;
				GCC_WARN_UNDECLARED_SELECTOR = YES;
				GCC_WARN_UNINITIALIZED_AUTOS = YES_AGGRESSIVE;
				GCC_WARN_UNUSED_FUNCTION = YES;
				GCC_WARN_UNUSED_VARIABLE = YES;
				IPHONEOS_DEPLOYMENT_TARGET = 15.4;
				MTL_ENABLE_DEBUG_INFO = INCLUDE_SOURCE;
				MTL_FAST_MATH = YES;
				ONLY_ACTIVE_ARCH = YES;
				SDKROOT = iphoneos;
				SWIFT_ACTIVE_COMPILATION_CONDITIONS = DEBUG;
				SWIFT_OPTIMIZATION_LEVEL = "-Onone";
			};
			name = Debug;
		};
		F41CAFFE286E409B003A9425 /* Release */ = {
			isa = XCBuildConfiguration;
			buildSettings = {
				ALWAYS_SEARCH_USER_PATHS = NO;
				CLANG_ANALYZER_NONNULL = YES;
				CLANG_ANALYZER_NUMBER_OBJECT_CONVERSION = YES_AGGRESSIVE;
				CLANG_CXX_LANGUAGE_STANDARD = "gnu++17";
				CLANG_ENABLE_MODULES = YES;
				CLANG_ENABLE_OBJC_ARC = YES;
				CLANG_ENABLE_OBJC_WEAK = YES;
				CLANG_WARN_BLOCK_CAPTURE_AUTORELEASING = YES;
				CLANG_WARN_BOOL_CONVERSION = YES;
				CLANG_WARN_COMMA = YES;
				CLANG_WARN_CONSTANT_CONVERSION = YES;
				CLANG_WARN_DEPRECATED_OBJC_IMPLEMENTATIONS = YES;
				CLANG_WARN_DIRECT_OBJC_ISA_USAGE = YES_ERROR;
				CLANG_WARN_DOCUMENTATION_COMMENTS = YES;
				CLANG_WARN_EMPTY_BODY = YES;
				CLANG_WARN_ENUM_CONVERSION = YES;
				CLANG_WARN_INFINITE_RECURSION = YES;
				CLANG_WARN_INT_CONVERSION = YES;
				CLANG_WARN_NON_LITERAL_NULL_CONVERSION = YES;
				CLANG_WARN_OBJC_IMPLICIT_RETAIN_SELF = YES;
				CLANG_WARN_OBJC_LITERAL_CONVERSION = YES;
				CLANG_WARN_OBJC_ROOT_CLASS = YES_ERROR;
				CLANG_WARN_QUOTED_INCLUDE_IN_FRAMEWORK_HEADER = YES;
				CLANG_WARN_RANGE_LOOP_ANALYSIS = YES;
				CLANG_WARN_STRICT_PROTOTYPES = YES;
				CLANG_WARN_SUSPICIOUS_MOVE = YES;
				CLANG_WARN_UNGUARDED_AVAILABILITY = YES_AGGRESSIVE;
				CLANG_WARN_UNREACHABLE_CODE = YES;
				CLANG_WARN__DUPLICATE_METHOD_MATCH = YES;
				COPY_PHASE_STRIP = NO;
				DEBUG_INFORMATION_FORMAT = "dwarf-with-dsym";
				ENABLE_NS_ASSERTIONS = NO;
				ENABLE_STRICT_OBJC_MSGSEND = YES;
				GCC_C_LANGUAGE_STANDARD = gnu11;
				GCC_NO_COMMON_BLOCKS = YES;
				GCC_WARN_64_TO_32_BIT_CONVERSION = YES;
				GCC_WARN_ABOUT_RETURN_TYPE = YES_ERROR;
				GCC_WARN_UNDECLARED_SELECTOR = YES;
				GCC_WARN_UNINITIALIZED_AUTOS = YES_AGGRESSIVE;
				GCC_WARN_UNUSED_FUNCTION = YES;
				GCC_WARN_UNUSED_VARIABLE = YES;
				IPHONEOS_DEPLOYMENT_TARGET = 15.4;
				MTL_ENABLE_DEBUG_INFO = NO;
				MTL_FAST_MATH = YES;
				SDKROOT = iphoneos;
				SWIFT_COMPILATION_MODE = wholemodule;
				SWIFT_OPTIMIZATION_LEVEL = "-O";
				VALIDATE_PRODUCT = YES;
			};
			name = Release;
		};
		F41CB000286E409B003A9425 /* Debug */ = {
			isa = XCBuildConfiguration;
			buildSettings = {
				ASSETCATALOG_COMPILER_APPICON_NAME = AppIcon;
				ASSETCATALOG_COMPILER_GLOBAL_ACCENT_COLOR_NAME = AccentColor;
				CODE_SIGN_STYLE = Automatic;
				CURRENT_PROJECT_VERSION = 1;
				DEVELOPMENT_TEAM = 968DRSD7Y2;
				GENERATE_INFOPLIST_FILE = YES;
				INFOPLIST_FILE = InstrumentalBand/Info.plist;
				INFOPLIST_KEY_UIApplicationSupportsIndirectInputEvents = YES;
				INFOPLIST_KEY_UILaunchStoryboardName = LaunchScreen;
				INFOPLIST_KEY_UIMainStoryboardFile = Main;
				INFOPLIST_KEY_UISupportedInterfaceOrientations_iPad = "UIInterfaceOrientationPortrait UIInterfaceOrientationPortraitUpsideDown UIInterfaceOrientationLandscapeLeft UIInterfaceOrientationLandscapeRight";
				INFOPLIST_KEY_UISupportedInterfaceOrientations_iPhone = "UIInterfaceOrientationPortrait UIInterfaceOrientationLandscapeLeft UIInterfaceOrientationLandscapeRight";
				LD_RUNPATH_SEARCH_PATHS = (
					"$(inherited)",
					"@executable_path/Frameworks",
				);
				MARKETING_VERSION = 1.0;
				PRODUCT_BUNDLE_IDENTIFIER = com.julio.InstrumentalBand;
				PRODUCT_NAME = "$(TARGET_NAME)";
				SWIFT_EMIT_LOC_STRINGS = YES;
				SWIFT_VERSION = 5.0;
				TARGETED_DEVICE_FAMILY = "1,2";
			};
			name = Debug;
		};
		F41CB001286E409B003A9425 /* Release */ = {
			isa = XCBuildConfiguration;
			buildSettings = {
				ASSETCATALOG_COMPILER_APPICON_NAME = AppIcon;
				ASSETCATALOG_COMPILER_GLOBAL_ACCENT_COLOR_NAME = AccentColor;
				CODE_SIGN_STYLE = Automatic;
				CURRENT_PROJECT_VERSION = 1;
				DEVELOPMENT_TEAM = 968DRSD7Y2;
				GENERATE_INFOPLIST_FILE = YES;
				INFOPLIST_FILE = InstrumentalBand/Info.plist;
				INFOPLIST_KEY_UIApplicationSupportsIndirectInputEvents = YES;
				INFOPLIST_KEY_UILaunchStoryboardName = LaunchScreen;
				INFOPLIST_KEY_UIMainStoryboardFile = Main;
				INFOPLIST_KEY_UISupportedInterfaceOrientations_iPad = "UIInterfaceOrientationPortrait UIInterfaceOrientationPortraitUpsideDown UIInterfaceOrientationLandscapeLeft UIInterfaceOrientationLandscapeRight";
				INFOPLIST_KEY_UISupportedInterfaceOrientations_iPhone = "UIInterfaceOrientationPortrait UIInterfaceOrientationLandscapeLeft UIInterfaceOrientationLandscapeRight";
				LD_RUNPATH_SEARCH_PATHS = (
					"$(inherited)",
					"@executable_path/Frameworks",
				);
				MARKETING_VERSION = 1.0;
				PRODUCT_BUNDLE_IDENTIFIER = com.julio.InstrumentalBand;
				PRODUCT_NAME = "$(TARGET_NAME)";
				SWIFT_EMIT_LOC_STRINGS = YES;
				SWIFT_VERSION = 5.0;
				TARGETED_DEVICE_FAMILY = "1,2";
			};
			name = Release;
		};
/* End XCBuildConfiguration section */

/* Begin XCConfigurationList section */
		F41CAFE6286E409A003A9425 /* Build configuration list for PBXProject "InstrumentalBand" */ = {
			isa = XCConfigurationList;
			buildConfigurations = (
				F41CAFFD286E409B003A9425 /* Debug */,
				F41CAFFE286E409B003A9425 /* Release */,
			);
			defaultConfigurationIsVisible = 0;
			defaultConfigurationName = Release;
		};
		F41CAFFF286E409B003A9425 /* Build configuration list for PBXNativeTarget "InstrumentalBand" */ = {
			isa = XCConfigurationList;
			buildConfigurations = (
				F41CB000286E409B003A9425 /* Debug */,
				F41CB001286E409B003A9425 /* Release */,
			);
			defaultConfigurationIsVisible = 0;
			defaultConfigurationName = Release;
		};
/* End XCConfigurationList section */
	};
	rootObject = F41CAFE3286E409A003A9425 /* Project object */;
}
